
Microsoft Visual Studio Solution File, Format Version 12.00
# Visual Studio Version 16
VisualStudioVersion = 16.0.31911.196
MinimumVisualStudioVersion = 10.0.40219.1
Project("{FAE04EC0-301F-11D3-BF4B-00C04F79EFBC}") = "EmployeeManagement.UI", "EmployeeManagement.UI\EmployeeManagement.UI.csproj", "{D012AF2C-C0F3-4FC9-B8B5-A6E9FE29D746}"
EndProject
Project("{2150E333-8FDC-42A3-9474-1A3956D46DE8}") = "Presentation", "Presentation", "{CB60003D-4332-497C-B34D-71D5211C1B3E}"
EndProject
Project("{2150E333-8FDC-42A3-9474-1A3956D46DE8}") = "Core", "Core", "{367408C8-AC06-43F8-BE27-CC7E418EC0FA}"
EndProject
Project("{2150E333-8FDC-42A3-9474-1A3956D46DE8}") = "Infrastructure", "Infrastructure", "{A19920BF-4968-4D67-A6A9-B24D398ED393}"
EndProject
Project("{9A19103F-16F7-4668-BE54-9A1E7A4F7556}") = "EmployeeManagement.Application", "EmployeeManagement.Application\EmployeeManagement.Application.csproj", "{5E1473DB-2069-4912-896D-F651E30FD0CF}"
EndProject
Project("{9A19103F-16F7-4668-BE54-9A1E7A4F7556}") = "EmployeeManagement.Domain", "EmployeeManagement.Domain\EmployeeManagement.Domain.csproj", "{F54ABF88-9D7E-4D2C-B8AA-B5B0FE30E1B8}"
EndProject
Project("{9A19103F-16F7-4668-BE54-9A1E7A4F7556}") = "EmployeeManagement.Infrastructure", "EmployeeManagement.Infrastructure\EmployeeManagement.Infrastructure.csproj", "{6652D602-C95B-4A3C-B2F7-AB236F902EE0}"
EndProject
Global
	GlobalSection(SolutionConfigurationPlatforms) = preSolution
		Debug|Any CPU = Debug|Any CPU
		Release|Any CPU = Release|Any CPU
	EndGlobalSection
	GlobalSection(ProjectConfigurationPlatforms) = postSolution
		{D012AF2C-C0F3-4FC9-B8B5-A6E9FE29D746}.Debug|Any CPU.ActiveCfg = Debug|Any CPU
		{D012AF2C-C0F3-4FC9-B8B5-A6E9FE29D746}.Debug|Any CPU.Build.0 = Debug|Any CPU
		{D012AF2C-C0F3-4FC9-B8B5-A6E9FE29D746}.Release|Any CPU.ActiveCfg = Release|Any CPU
		{D012AF2C-C0F3-4FC9-B8B5-A6E9FE29D746}.Release|Any CPU.Build.0 = Release|Any CPU
		{5E1473DB-2069-4912-896D-F651E30FD0CF}.Debug|Any CPU.ActiveCfg = Debug|Any CPU
		{5E1473DB-2069-4912-896D-F651E30FD0CF}.Debug|Any CPU.Build.0 = Debug|Any CPU
		{5E1473DB-2069-4912-896D-F651E30FD0CF}.Release|Any CPU.ActiveCfg = Release|Any CPU
		{5E1473DB-2069-4912-896D-F651E30FD0CF}.Release|Any CPU.Build.0 = Release|Any CPU
		{F54ABF88-9D7E-4D2C-B8AA-B5B0FE30E1B8}.Debug|Any CPU.ActiveCfg = Debug|Any CPU
		{F54ABF88-9D7E-4D2C-B8AA-B5B0FE30E1B8}.Debug|Any CPU.Build.0 = Debug|Any CPU
		{F54ABF88-9D7E-4D2C-B8AA-B5B0FE30E1B8}.Release|Any CPU.ActiveCfg = Release|Any CPU
		{F54ABF88-9D7E-4D2C-B8AA-B5B0FE30E1B8}.Release|Any CPU.Build.0 = Release|Any CPU
		{6652D602-C95B-4A3C-B2F7-AB236F902EE0}.Debug|Any CPU.ActiveCfg = Debug|Any CPU
		{6652D602-C95B-4A3C-B2F7-AB236F902EE0}.Debug|Any CPU.Build.0 = Debug|Any CPU
		{6652D602-C95B-4A3C-B2F7-AB236F902EE0}.Release|Any CPU.ActiveCfg = Release|Any CPU
		{6652D602-C95B-4A3C-B2F7-AB236F902EE0}.Release|Any CPU.Build.0 = Release|Any CPU
	EndGlobalSection
	GlobalSection(SolutionProperties) = preSolution
		HideSolutionNode = FALSE
	EndGlobalSection
	GlobalSection(NestedProjects) = preSolution
		{D012AF2C-C0F3-4FC9-B8B5-A6E9FE29D746} = {CB60003D-4332-497C-B34D-71D5211C1B3E}
		{5E1473DB-2069-4912-896D-F651E30FD0CF} = {367408C8-AC06-43F8-BE27-CC7E418EC0FA}
		{F54ABF88-9D7E-4D2C-B8AA-B5B0FE30E1B8} = {367408C8-AC06-43F8-BE27-CC7E418EC0FA}
		{6652D602-C95B-4A3C-B2F7-AB236F902EE0} = {A19920BF-4968-4D67-A6A9-B24D398ED393}
	EndGlobalSection
	GlobalSection(ExtensibilityGlobals) = postSolution
		SolutionGuid = {2E9B0B00-20F2-4CA2-BD35-9EFBC9543BB7}
	EndGlobalSection
EndGlobal
